// !$*UTF8*$!
{
	archiveVersion = 1;
	classes = {
	};
	objectVersion = 50;
	objects = {

/* Begin PBXBuildFile section */
		6F636D932177526900DD0852 /* AppDelegate.swift in Sources */ = {isa = PBXBuildFile; fileRef = 6F636D922177526900DD0852 /* AppDelegate.swift */; };
		6F636D9A2177527000DD0852 /* Assets.xcassets in Resources */ = {isa = PBXBuildFile; fileRef = 6F636D992177527000DD0852 /* Assets.xcassets */; };
		6F636DA82177527000DD0852 /* Prueva1Tests.swift in Sources */ = {isa = PBXBuildFile; fileRef = 6F636DA72177527000DD0852 /* Prueva1Tests.swift */; };
		6F636DB32177527000DD0852 /* Prueva1UITests.swift in Sources */ = {isa = PBXBuildFile; fileRef = 6F636DB22177527000DD0852 /* Prueva1UITests.swift */; };
		6F636DC4217752DA00DD0852 /* Tabla.swift in Sources */ = {isa = PBXBuildFile; fileRef = 6F636DC2217752DA00DD0852 /* Tabla.swift */; };
		6F636DC5217752DA00DD0852 /* Tabla.xib in Resources */ = {isa = PBXBuildFile; fileRef = 6F636DC3217752DA00DD0852 /* Tabla.xib */; };
		6F636DCB2177538300DD0852 /* CelulaSwitch.swift in Sources */ = {isa = PBXBuildFile; fileRef = 6F636DC92177538300DD0852 /* CelulaSwitch.swift */; };
		6F636DCC2177538300DD0852 /* CelulaSwitch.xib in Resources */ = {isa = PBXBuildFile; fileRef = 6F636DCA2177538300DD0852 /* CelulaSwitch.xib */; };
		6F636DD0217753BD00DD0852 /* CelulaNormal.swift in Sources */ = {isa = PBXBuildFile; fileRef = 6F636DCE217753BD00DD0852 /* CelulaNormal.swift */; };
		6F636DD1217753BD00DD0852 /* CelulaNormal.xib in Resources */ = {isa = PBXBuildFile; fileRef = 6F636DCF217753BD00DD0852 /* CelulaNormal.xib */; };
		6F636DD42177567A00DD0852 /* LaunchScreen.storyboard in Resources */ = {isa = PBXBuildFile; fileRef = 6F636DD32177567900DD0852 /* LaunchScreen.storyboard */; };
		6F636DD8217760A900DD0852 /* General.swift in Sources */ = {isa = PBXBuildFile; fileRef = 6F636DD6217760A900DD0852 /* General.swift */; };
		6F636DD9217760A900DD0852 /* General.xib in Resources */ = {isa = PBXBuildFile; fileRef = 6F636DD7217760A900DD0852 /* General.xib */; };
		6F636DDE2177617F00DD0852 /* CelulaN.swift in Sources */ = {isa = PBXBuildFile; fileRef = 6F636DDD2177617F00DD0852 /* CelulaN.swift */; };
		6F636DE02177633100DD0852 /* CelulaS.swift in Sources */ = {isa = PBXBuildFile; fileRef = 6F636DDF2177633100DD0852 /* CelulaS.swift */; };
/* End PBXBuildFile section */

/* Begin PBXContainerItemProxy section */
		6F636DA42177527000DD0852 /* PBXContainerItemProxy */ = {
			isa = PBXContainerItemProxy;
			containerPortal = 6F636D872177526900DD0852 /* Project object */;
			proxyType = 1;
			remoteGlobalIDString = 6F636D8E2177526900DD0852;
			remoteInfo = Prueva1;
		};
		6F636DAF2177527000DD0852 /* PBXContainerItemProxy */ = {
			isa = PBXContainerItemProxy;
			containerPortal = 6F636D872177526900DD0852 /* Project object */;
			proxyType = 1;
			remoteGlobalIDString = 6F636D8E2177526900DD0852;
			remoteInfo = Prueva1;
		};
/* End PBXContainerItemProxy section */

/* Begin PBXFileReference section */
		6F636D8F2177526900DD0852 /* Prueva1.app */ = {isa = PBXFileReference; explicitFileType = wrapper.application; includeInIndex = 0; path = Prueva1.app; sourceTree = BUILT_PRODUCTS_DIR; };
		6F636D922177526900DD0852 /* AppDelegate.swift */ = {isa = PBXFileReference; lastKnownFileType = sourcecode.swift; path = AppDelegate.swift; sourceTree = "<group>"; };
		6F636D992177527000DD0852 /* Assets.xcassets */ = {isa = PBXFileReference; lastKnownFileType = folder.assetcatalog; path = Assets.xcassets; sourceTree = "<group>"; };
		6F636D9E2177527000DD0852 /* Info.plist */ = {isa = PBXFileReference; lastKnownFileType = text.plist.xml; path = Info.plist; sourceTree = "<group>"; };
		6F636DA32177527000DD0852 /* Prueva1Tests.xctest */ = {isa = PBXFileReference; explicitFileType = wrapper.cfbundle; includeInIndex = 0; path = Prueva1Tests.xctest; sourceTree = BUILT_PRODUCTS_DIR; };
		6F636DA72177527000DD0852 /* Prueva1Tests.swift */ = {isa = PBXFileReference; lastKnownFileType = sourcecode.swift; path = Prueva1Tests.swift; sourceTree = "<group>"; };
		6F636DA92177527000DD0852 /* Info.plist */ = {isa = PBXFileReference; lastKnownFileType = text.plist.xml; path = Info.plist; sourceTree = "<group>"; };
		6F636DAE2177527000DD0852 /* Prueva1UITests.xctest */ = {isa = PBXFileReference; explicitFileType = wrapper.cfbundle; includeInIndex = 0; path = Prueva1UITests.xctest; sourceTree = BUILT_PRODUCTS_DIR; };
		6F636DB22177527000DD0852 /* Prueva1UITests.swift */ = {isa = PBXFileReference; lastKnownFileType = sourcecode.swift; path = Prueva1UITests.swift; sourceTree = "<group>"; };
		6F636DB42177527000DD0852 /* Info.plist */ = {isa = PBXFileReference; lastKnownFileType = text.plist.xml; path = Info.plist; sourceTree = "<group>"; };
		6F636DC2217752DA00DD0852 /* Tabla.swift */ = {isa = PBXFileReference; lastKnownFileType = sourcecode.swift; path = Tabla.swift; sourceTree = "<group>"; };
		6F636DC3217752DA00DD0852 /* Tabla.xib */ = {isa = PBXFileReference; lastKnownFileType = file.xib; path = Tabla.xib; sourceTree = "<group>"; };
		6F636DC92177538300DD0852 /* CelulaSwitch.swift */ = {isa = PBXFileReference; lastKnownFileType = sourcecode.swift; path = CelulaSwitch.swift; sourceTree = "<group>"; };
		6F636DCA2177538300DD0852 /* CelulaSwitch.xib */ = {isa = PBXFileReference; lastKnownFileType = file.xib; path = CelulaSwitch.xib; sourceTree = "<group>"; };
		6F636DCE217753BD00DD0852 /* CelulaNormal.swift */ = {isa = PBXFileReference; lastKnownFileType = sourcecode.swift; path = CelulaNormal.swift; sourceTree = "<group>"; };
		6F636DCF217753BD00DD0852 /* CelulaNormal.xib */ = {isa = PBXFileReference; lastKnownFileType = file.xib; path = CelulaNormal.xib; sourceTree = "<group>"; };
		6F636DD32177567900DD0852 /* LaunchScreen.storyboard */ = {isa = PBXFileReference; fileEncoding = 4; lastKnownFileType = file.storyboard; name = LaunchScreen.storyboard; path = ../../../.Trash/LaunchScreen.storyboard; sourceTree = "<group>"; };
		6F636DD6217760A900DD0852 /* General.swift */ = {isa = PBXFileReference; lastKnownFileType = sourcecode.swift; path = General.swift; sourceTree = "<group>"; };
		6F636DD7217760A900DD0852 /* General.xib */ = {isa = PBXFileReference; lastKnownFileType = file.xib; path = General.xib; sourceTree = "<group>"; };
		6F636DDD2177617F00DD0852 /* CelulaN.swift */ = {isa = PBXFileReference; lastKnownFileType = sourcecode.swift; path = CelulaN.swift; sourceTree = "<group>"; };
		6F636DDF2177633100DD0852 /* CelulaS.swift */ = {isa = PBXFileReference; lastKnownFileType = sourcecode.swift; path = CelulaS.swift; sourceTree = "<group>"; };
/* End PBXFileReference section */

/* Begin PBXFrameworksBuildPhase section */
		6F636D8C2177526900DD0852 /* Frameworks */ = {
			isa = PBXFrameworksBuildPhase;
			buildActionMask = 2147483647;
			files = (
			);
			runOnlyForDeploymentPostprocessing = 0;
		};
		6F636DA02177527000DD0852 /* Frameworks */ = {
			isa = PBXFrameworksBuildPhase;
			buildActionMask = 2147483647;
			files = (
			);
			runOnlyForDeploymentPostprocessing = 0;
		};
		6F636DAB2177527000DD0852 /* Frameworks */ = {
			isa = PBXFrameworksBuildPhase;
			buildActionMask = 2147483647;
			files = (
			);
			runOnlyForDeploymentPostprocessing = 0;
		};
/* End PBXFrameworksBuildPhase section */

/* Begin PBXGroup section */
		6F636D862177526900DD0852 = {
			isa = PBXGroup;
			children = (
				6F636D912177526900DD0852 /* Prueva1 */,
				6F636DA62177527000DD0852 /* Prueva1Tests */,
				6F636DB12177527000DD0852 /* Prueva1UITests */,
				6F636D902177526900DD0852 /* Products */,
			);
			sourceTree = "<group>";
		};
		6F636D902177526900DD0852 /* Products */ = {
			isa = PBXGroup;
			children = (
				6F636D8F2177526900DD0852 /* Prueva1.app */,
				6F636DA32177527000DD0852 /* Prueva1Tests.xctest */,
				6F636DAE2177527000DD0852 /* Prueva1UITests.xctest */,
			);
			name = Products;
			sourceTree = "<group>";
		};
		6F636D912177526900DD0852 /* Prueva1 */ = {
			isa = PBXGroup;
			children = (
				6F636DDA2177615500DD0852 /* datos */,
				6F636DC6217752E600DD0852 /* Celulas */,
				6F636DC02177528E00DD0852 /* tabalp */,
				6F636D922177526900DD0852 /* AppDelegate.swift */,
				6F636D992177527000DD0852 /* Assets.xcassets */,
				6F636DD32177567900DD0852 /* LaunchScreen.storyboard */,
				6F636D9E2177527000DD0852 /* Info.plist */,
			);
			path = Prueva1;
			sourceTree = "<group>";
		};
		6F636DA62177527000DD0852 /* Prueva1Tests */ = {
			isa = PBXGroup;
			children = (
				6F636DA72177527000DD0852 /* Prueva1Tests.swift */,
				6F636DA92177527000DD0852 /* Info.plist */,
			);
			path = Prueva1Tests;
			sourceTree = "<group>";
		};
		6F636DB12177527000DD0852 /* Prueva1UITests */ = {
			isa = PBXGroup;
			children = (
				6F636DB22177527000DD0852 /* Prueva1UITests.swift */,
				6F636DB42177527000DD0852 /* Info.plist */,
			);
			path = Prueva1UITests;
			sourceTree = "<group>";
		};
		6F636DC02177528E00DD0852 /* tabalp */ = {
			isa = PBXGroup;
			children = (
				6F636DD52177608C00DD0852 /* New Group */,
				6F636DC12177529A00DD0852 /* ControladorTabla */,
			);
			path = tabalp;
			sourceTree = "<group>";
		};
		6F636DC12177529A00DD0852 /* ControladorTabla */ = {
			isa = PBXGroup;
			children = (
				6F636DC2217752DA00DD0852 /* Tabla.swift */,
				6F636DC3217752DA00DD0852 /* Tabla.xib */,
			);
			path = ControladorTabla;
			sourceTree = "<group>";
		};
		6F636DC6217752E600DD0852 /* Celulas */ = {
			isa = PBXGroup;
			children = (
				6F636DC82177532900DD0852 /* CelulaSwitch */,
				6F636DC7217752EF00DD0852 /* CelulaNormal */,
			);
			path = Celulas;
			sourceTree = "<group>";
		};
		6F636DC7217752EF00DD0852 /* CelulaNormal */ = {
			isa = PBXGroup;
			children = (
				6F636DCE217753BD00DD0852 /* CelulaNormal.swift */,
				6F636DCF217753BD00DD0852 /* CelulaNormal.xib */,
			);
			path = CelulaNormal;
			sourceTree = "<group>";
		};
		6F636DC82177532900DD0852 /* CelulaSwitch */ = {
			isa = PBXGroup;
			children = (
				6F636DC92177538300DD0852 /* CelulaSwitch.swift */,
				6F636DCA2177538300DD0852 /* CelulaSwitch.xib */,
			);
			path = CelulaSwitch;
			sourceTree = "<group>";
		};
		6F636DD52177608C00DD0852 /* New Group */ = {
			isa = PBXGroup;
			children = (
				6F636DD6217760A900DD0852 /* General.swift */,
				6F636DD7217760A900DD0852 /* General.xib */,
			);
			path = "New Group";
			sourceTree = "<group>";
		};
		6F636DDA2177615500DD0852 /* datos */ = {
			isa = PBXGroup;
			children = (
				6F636DDD2177617F00DD0852 /* CelulaN.swift */,
				6F636DDF2177633100DD0852 /* CelulaS.swift */,
			);
			path = datos;
			sourceTree = "<group>";
		};
/* End PBXGroup section */

/* Begin PBXNativeTarget section */
		6F636D8E2177526900DD0852 /* Prueva1 */ = {
			isa = PBXNativeTarget;
			buildConfigurationList = 6F636DB72177527000DD0852 /* Build configuration list for PBXNativeTarget "Prueva1" */;
			buildPhases = (
				6F636D8B2177526900DD0852 /* Sources */,
				6F636D8C2177526900DD0852 /* Frameworks */,
				6F636D8D2177526900DD0852 /* Resources */,
			);
			buildRules = (
			);
			dependencies = (
			);
			name = Prueva1;
			productName = Prueva1;
			productReference = 6F636D8F2177526900DD0852 /* Prueva1.app */;
			productType = "com.apple.product-type.application";
		};
		6F636DA22177527000DD0852 /* Prueva1Tests */ = {
			isa = PBXNativeTarget;
			buildConfigurationList = 6F636DBA2177527000DD0852 /* Build configuration list for PBXNativeTarget "Prueva1Tests" */;
			buildPhases = (
				6F636D9F2177527000DD0852 /* Sources */,
				6F636DA02177527000DD0852 /* Frameworks */,
				6F636DA12177527000DD0852 /* Resources */,
			);
			buildRules = (
			);
			dependencies = (
				6F636DA52177527000DD0852 /* PBXTargetDependency */,
			);
			name = Prueva1Tests;
			productName = Prueva1Tests;
			productReference = 6F636DA32177527000DD0852 /* Prueva1Tests.xctest */;
			productType = "com.apple.product-type.bundle.unit-test";
		};
		6F636DAD2177527000DD0852 /* Prueva1UITests */ = {
			isa = PBXNativeTarget;
			buildConfigurationList = 6F636DBD2177527000DD0852 /* Build configuration list for PBXNativeTarget "Prueva1UITests" */;
			buildPhases = (
				6F636DAA2177527000DD0852 /* Sources */,
				6F636DAB2177527000DD0852 /* Frameworks */,
				6F636DAC2177527000DD0852 /* Resources */,
			);
			buildRules = (
			);
			dependencies = (
				6F636DB02177527000DD0852 /* PBXTargetDependency */,
			);
			name = Prueva1UITests;
			productName = Prueva1UITests;
			productReference = 6F636DAE2177527000DD0852 /* Prueva1UITests.xctest */;
			productType = "com.apple.product-type.bundle.ui-testing";
		};
/* End PBXNativeTarget section */

/* Begin PBXProject section */
		6F636D872177526900DD0852 /* Project object */ = {
			isa = PBXProject;
			attributes = {
				LastSwiftUpdateCheck = 0930;
				LastUpgradeCheck = 0930;
				ORGANIZATIONNAME = "PABLO CRUZ MENDEZ";
				TargetAttributes = {
					6F636D8E2177526900DD0852 = {
						CreatedOnToolsVersion = 9.3;
					};
					6F636DA22177527000DD0852 = {
						CreatedOnToolsVersion = 9.3;
						TestTargetID = 6F636D8E2177526900DD0852;
					};
					6F636DAD2177527000DD0852 = {
						CreatedOnToolsVersion = 9.3;
						TestTargetID = 6F636D8E2177526900DD0852;
					};
				};
			};
			buildConfigurationList = 6F636D8A2177526900DD0852 /* Build configuration list for PBXProject "Prueva1" */;
			compatibilityVersion = "Xcode 9.3";
			developmentRegion = en;
			hasScannedForEncodings = 0;
			knownRegions = (
				en,
				Base,
			);
			mainGroup = 6F636D862177526900DD0852;
			productRefGroup = 6F636D902177526900DD0852 /* Products */;
			projectDirPath = "";
			projectRoot = "";
			targets = (
				6F636D8E2177526900DD0852 /* Prueva1 */,
				6F636DA22177527000DD0852 /* Prueva1Tests */,
				6F636DAD2177527000DD0852 /* Prueva1UITests */,
			);
		};
/* End PBXProject section */

/* Begin PBXResourcesBuildPhase section */
		6F636D8D2177526900DD0852 /* Resources */ = {
			isa = PBXResourcesBuildPhase;
			buildActionMask = 2147483647;
			files = (
				6F636DD1217753BD00DD0852 /* CelulaNormal.xib in Resources */,
				6F636DCC2177538300DD0852 /* CelulaSwitch.xib in Resources */,
				6F636DD9217760A900DD0852 /* General.xib in Resources */,
				6F636DC5217752DA00DD0852 /* Tabla.xib in Resources */,
				6F636DD42177567A00DD0852 /* LaunchScreen.storyboard in Resources */,
				6F636D9A2177527000DD0852 /* Assets.xcassets in Resources */,
			);
			runOnlyForDeploymentPostprocessing = 0;
		};
		6F636DA12177527000DD0852 /* Resources */ = {
			isa = PBXResourcesBuildPhase;
			buildActionMask = 2147483647;
			files = (
			);
			runOnlyForDeploymentPostprocessing = 0;
		};
		6F636DAC2177527000DD0852 /* Resources */ = {
			isa = PBXResourcesBuildPhase;
			buildActionMask = 2147483647;
			files = (
			);
			runOnlyForDeploymentPostprocessing = 0;
		};
/* End PBXResourcesBuildPhase section */

/* Begin PBXSourcesBuildPhase section */
		6F636D8B2177526900DD0852 /* Sources */ = {
			isa = PBXSourcesBuildPhase;
			buildActionMask = 2147483647;
			files = (
				6F636DC4217752DA00DD0852 /* Tabla.swift in Sources */,
				6F636DCB2177538300DD0852 /* CelulaSwitch.swift in Sources */,
				6F636DDE2177617F00DD0852 /* CelulaN.swift in Sources */,
				6F636DD0217753BD00DD0852 /* CelulaNormal.swift in Sources */,
				6F636D932177526900DD0852 /* AppDelegate.swift in Sources */,
				6F636DE02177633100DD0852 /* CelulaS.swift in Sources */,
				6F636DD8217760A900DD0852 /* General.swift in Sources */,
			);
			runOnlyForDeploymentPostprocessing = 0;
		};
		6F636D9F2177527000DD0852 /* Sources */ = {
			isa = PBXSourcesBuildPhase;
			buildActionMask = 2147483647;
			files = (
				6F636DA82177527000DD0852 /* Prueva1Tests.swift in Sources */,
			);
			runOnlyForDeploymentPostprocessing = 0;
		};
		6F636DAA2177527000DD0852 /* Sources */ = {
			isa = PBXSourcesBuildPhase;
			buildActionMask = 2147483647;
			files = (
				6F636DB32177527000DD0852 /* Prueva1UITests.swift in Sources */,
			);
			runOnlyForDeploymentPostprocessing = 0;
		};
/* End PBXSourcesBuildPhase section */

/* Begin PBXTargetDependency section */
		6F636DA52177527000DD0852 /* PBXTargetDependency */ = {
			isa = PBXTargetDependency;
			target = 6F636D8E2177526900DD0852 /* Prueva1 */;
			targetProxy = 6F636DA42177527000DD0852 /* PBXContainerItemProxy */;
		};
		6F636DB02177527000DD0852 /* PBXTargetDependency */ = {
			isa = PBXTargetDependency;
			target = 6F636D8E2177526900DD0852 /* Prueva1 */;
			targetProxy = 6F636DAF2177527000DD0852 /* PBXContainerItemProxy */;
		};
/* End PBXTargetDependency section */

/* Begin XCBuildConfiguration section */
		6F636DB52177527000DD0852 /* Debug */ = {
			isa = XCBuildConfiguration;
			buildSettings = {
				ALWAYS_SEARCH_USER_PATHS = NO;
				CLANG_ANALYZER_NONNULL = YES;
				CLANG_ANALYZER_NUMBER_OBJECT_CONVERSION = YES_AGGRESSIVE;
				CLANG_CXX_LANGUAGE_STANDARD = "gnu++14";
				CLANG_CXX_LIBRARY = "libc++";
				CLANG_ENABLE_MODULES = YES;
				CLANG_ENABLE_OBJC_ARC = YES;
				CLANG_ENABLE_OBJC_WEAK = YES;
				CLANG_WARN_BLOCK_CAPTURE_AUTORELEASING = YES;
				CLANG_WARN_BOOL_CONVERSION = YES;
				CLANG_WARN_COMMA = YES;
				CLANG_WARN_CONSTANT_CONVERSION = YES;
				CLANG_WARN_DEPRECATED_OBJC_IMPLEMENTATIONS = YES;
				CLANG_WARN_DIRECT_OBJC_ISA_USAGE = YES_ERROR;
				CLANG_WARN_DOCUMENTATION_COMMENTS = YES;
				CLANG_WARN_EMPTY_BODY = YES;
				CLANG_WARN_ENUM_CONVERSION = YES;
				CLANG_WARN_INFINITE_RECURSION = YES;
				CLANG_WARN_INT_CONVERSION = YES;
				CLANG_WARN_NON_LITERAL_NULL_CONVERSION = YES;
				CLANG_WARN_OBJC_IMPLICIT_RETAIN_SELF = YES;
				CLANG_WARN_OBJC_LITERAL_CONVERSION = YES;
				CLANG_WARN_OBJC_ROOT_CLASS = YES_ERROR;
				CLANG_WARN_RANGE_LOOP_ANALYSIS = YES;
				CLANG_WARN_STRICT_PROTOTYPES = YES;
				CLANG_WARN_SUSPICIOUS_MOVE = YES;
				CLANG_WARN_UNGUARDED_AVAILABILITY = YES_AGGRESSIVE;
				CLANG_WARN_UNREACHABLE_CODE = YES;
				CLANG_WARN__DUPLICATE_METHOD_MATCH = YES;
				CODE_SIGN_IDENTITY = "iPhone Developer";
				COPY_PHASE_STRIP = NO;
				DEBUG_INFORMATION_FORMAT = dwarf;
				ENABLE_STRICT_OBJC_MSGSEND = YES;
				ENABLE_TESTABILITY = YES;
				GCC_C_LANGUAGE_STANDARD = gnu11;
				GCC_DYNAMIC_NO_PIC = NO;
				GCC_NO_COMMON_BLOCKS = YES;
				GCC_OPTIMIZATION_LEVEL = 0;
				GCC_PREPROCESSOR_DEFINITIONS = (
					"DEBUG=1",
					"$(inherited)",
				);
				GCC_WARN_64_TO_32_BIT_CONVERSION = YES;
				GCC_WARN_ABOUT_RETURN_TYPE = YES_ERROR;
				GCC_WARN_UNDECLARED_SELECTOR = YES;
				GCC_WARN_UNINITIALIZED_AUTOS = YES_AGGRESSIVE;
				GCC_WARN_UNUSED_FUNCTION = YES;
				GCC_WARN_UNUSED_VARIABLE = YES;
				IPHONEOS_DEPLOYMENT_TARGET = 11.3;
				MTL_ENABLE_DEBUG_INFO = YES;
				ONLY_ACTIVE_ARCH = YES;
				SDKROOT = iphoneos;
				SWIFT_ACTIVE_COMPILATION_CONDITIONS = DEBUG;
				SWIFT_OPTIMIZATION_LEVEL = "-Onone";
			};
			name = Debug;
		};
		6F636DB62177527000DD0852 /* Release */ = {
			isa = XCBuildConfiguration;
			buildSettings = {
				ALWAYS_SEARCH_USER_PATHS = NO;
				CLANG_ANALYZER_NONNULL = YES;
				CLANG_ANALYZER_NUMBER_OBJECT_CONVERSION = YES_AGGRESSIVE;
				CLANG_CXX_LANGUAGE_STANDARD = "gnu++14";
				CLANG_CXX_LIBRARY = "libc++";
				CLANG_ENABLE_MODULES = YES;
				CLANG_ENABLE_OBJC_ARC = YES;
				CLANG_ENABLE_OBJC_WEAK = YES;
				CLANG_WARN_BLOCK_CAPTURE_AUTORELEASING = YES;
				CLANG_WARN_BOOL_CONVERSION = YES;
				CLANG_WARN_COMMA = YES;
				CLANG_WARN_CONSTANT_CONVERSION = YES;
				CLANG_WARN_DEPRECATED_OBJC_IMPLEMENTATIONS = YES;
				CLANG_WARN_DIRECT_OBJC_ISA_USAGE = YES_ERROR;
				CLANG_WARN_DOCUMENTATION_COMMENTS = YES;
				CLANG_WARN_EMPTY_BODY = YES;
				CLANG_WARN_ENUM_CONVERSION = YES;
				CLANG_WARN_INFINITE_RECURSION = YES;
				CLANG_WARN_INT_CONVERSION = YES;
				CLANG_WARN_NON_LITERAL_NULL_CONVERSION = YES;
				CLANG_WARN_OBJC_IMPLICIT_RETAIN_SELF = YES;
				CLANG_WARN_OBJC_LITERAL_CONVERSION = YES;
				CLANG_WARN_OBJC_ROOT_CLASS = YES_ERROR;
				CLANG_WARN_RANGE_LOOP_ANALYSIS = YES;
				CLANG_WARN_STRICT_PROTOTYPES = YES;
				CLANG_WARN_SUSPICIOUS_MOVE = YES;
				CLANG_WARN_UNGUARDED_AVAILABILITY = YES_AGGRESSIVE;
				CLANG_WARN_UNREACHABLE_CODE = YES;
				CLANG_WARN__DUPLICATE_METHOD_MATCH = YES;
				CODE_SIGN_IDENTITY = "iPhone Developer";
				COPY_PHASE_STRIP = NO;
				DEBUG_INFORMATION_FORMAT = "dwarf-with-dsym";
				ENABLE_NS_ASSERTIONS = NO;
				ENABLE_STRICT_OBJC_MSGSEND = YES;
				GCC_C_LANGUAGE_STANDARD = gnu11;
				GCC_NO_COMMON_BLOCKS = YES;
				GCC_WARN_64_TO_32_BIT_CONVERSION = YES;
				GCC_WARN_ABOUT_RETURN_TYPE = YES_ERROR;
				GCC_WARN_UNDECLARED_SELECTOR = YES;
				GCC_WARN_UNINITIALIZED_AUTOS = YES_AGGRESSIVE;
				GCC_WARN_UNUSED_FUNCTION = YES;
				GCC_WARN_UNUSED_VARIABLE = YES;
				IPHONEOS_DEPLOYMENT_TARGET = 11.3;
				MTL_ENABLE_DEBUG_INFO = NO;
				SDKROOT = iphoneos;
				SWIFT_COMPILATION_MODE = wholemodule;
				SWIFT_OPTIMIZATION_LEVEL = "-O";
				VALIDATE_PRODUCT = YES;
			};
			name = Release;
		};
		6F636DB82177527000DD0852 /* Debug */ = {
			isa = XCBuildConfiguration;
			buildSettings = {
				ASSETCATALOG_COMPILER_APPICON_NAME = AppIcon;
				CODE_SIGN_STYLE = Automatic;
				INFOPLIST_FILE = Prueva1/Info.plist;
				LD_RUNPATH_SEARCH_PATHS = (
					"$(inherited)",
					"@executable_path/Frameworks",
				);
				PRODUCT_BUNDLE_IDENTIFIER = Bugisos.Prueva1;
				PRODUCT_NAME = "$(TARGET_NAME)";
				SWIFT_VERSION = 4.0;
				TARGETED_DEVICE_FAMILY = 1;
			};
			name = Debug;
		};
		6F636DB92177527000DD0852 /* Release */ = {
			isa = XCBuildConfiguration;
			buildSettings = {
				ASSETCATALOG_COMPILER_APPICON_NAME = AppIcon;
				CODE_SIGN_STYLE = Automatic;
				INFOPLIST_FILE = Prueva1/Info.plist;
				LD_RUNPATH_SEARCH_PATHS = (
					"$(inherited)",
					"@executable_path/Frameworks",
				);
				PRODUCT_BUNDLE_IDENTIFIER = Bugisos.Prueva1;
				PRODUCT_NAME = "$(TARGET_NAME)";
				SWIFT_VERSION = 4.0;
				TARGETED_DEVICE_FAMILY = 1;
			};
			name = Release;
		};
		6F636DBB2177527000DD0852 /* Debug */ = {
			isa = XCBuildConfiguration;
			buildSettings = {
				ALWAYS_EMBED_SWIFT_STANDARD_LIBRARIES = YES;
				BUNDLE_LOADER = "$(TEST_HOST)";
				CODE_SIGN_STYLE = Automatic;
				INFOPLIST_FILE = Prueva1Tests/Info.plist;
				LD_RUNPATH_SEARCH_PATHS = (
					"$(inherited)",
					"@executable_path/Frameworks",
					"@loader_path/Frameworks",
				);
				PRODUCT_BUNDLE_IDENTIFIER = Bugisos.Prueva1Tests;
				PRODUCT_NAME = "$(TARGET_NAME)";
				SWIFT_VERSION = 4.0;
				TARGETED_DEVICE_FAMILY = "1,2";
				TEST_HOST = "$(BUILT_PRODUCTS_DIR)/Prueva1.app/Prueva1";
			};
			name = Debug;
		};
		6F636DBC2177527000DD0852 /* Release */ = {
			isa = XCBuildConfiguration;
			buildSettings = {
				ALWAYS_EMBED_SWIFT_STANDARD_LIBRARIES = YES;
				BUNDLE_LOADER = "$(TEST_HOST)";
				CODE_SIGN_STYLE = Automatic;
				INFOPLIST_FILE = Prueva1Tests/Info.plist;
				LD_RUNPATH_SEARCH_PATHS = (
					"$(inherited)",
					"@executable_path/Frameworks",
					"@loader_path/Frameworks",
				);
				PRODUCT_BUNDLE_IDENTIFIER = Bugisos.Prueva1Tests;
				PRODUCT_NAME = "$(TARGET_NAME)";
				SWIFT_VERSION = 4.0;
				TARGETED_DEVICE_FAMILY = "1,2";
				TEST_HOST = "$(BUILT_PRODUCTS_DIR)/Prueva1.app/Prueva1";
			};
			name = Release;
		};
		6F636DBE2177527000DD0852 /* Debug */ = {
			isa = XCBuildConfiguration;
			buildSettings = {
				ALWAYS_EMBED_SWIFT_STANDARD_LIBRARIES = YES;
				CODE_SIGN_STYLE = Automatic;
				INFOPLIST_FILE = Prueva1UITests/Info.plist;
				LD_RUNPATH_SEARCH_PATHS = (
					"$(inherited)",
					"@executable_path/Frameworks",
					"@loader_path/Frameworks",
				);
				PRODUCT_BUNDLE_IDENTIFIER = Bugisos.Prueva1UITests;
				PRODUCT_NAME = "$(TARGET_NAME)";
				SWIFT_VERSION = 4.0;
				TARGETED_DEVICE_FAMILY = "1,2";
				TEST_TARGET_NAME = Prueva1;
			};
			name = Debug;
		};
		6F636DBF2177527000DD0852 /* Release */ = {
			isa = XCBuildConfiguration;
			buildSettings = {
				ALWAYS_EMBED_SWIFT_STANDARD_LIBRARIES = YES;
				CODE_SIGN_STYLE = Automatic;
				INFOPLIST_FILE = Prueva1UITests/Info.plist;
				LD_RUNPATH_SEARCH_PATHS = (
					"$(inherited)",
					"@executable_path/Frameworks",
					"@loader_path/Frameworks",
				);
				PRODUCT_BUNDLE_IDENTIFIER = Bugisos.Prueva1UITests;
				PRODUCT_NAME = "$(TARGET_NAME)";
				SWIFT_VERSION = 4.0;
				TARGETED_DEVICE_FAMILY = "1,2";
				TEST_TARGET_NAME = Prueva1;
			};
			name = Release;
		};
/* End XCBuildConfiguration section */

/* Begin XCConfigurationList section */
		6F636D8A2177526900DD0852 /* Build configuration list for PBXProject "Prueva1" */ = {
			isa = XCConfigurationList;
			buildConfigurations = (
				6F636DB52177527000DD0852 /* Debug */,
				6F636DB62177527000DD0852 /* Release */,
			);
			defaultConfigurationIsVisible = 0;
			defaultConfigurationName = Release;
		};
		6F636DB72177527000DD0852 /* Build configuration list for PBXNativeTarget "Prueva1" */ = {
			isa = XCConfigurationList;
			buildConfigurations = (
				6F636DB82177527000DD0852 /* Debug */,
				6F636DB92177527000DD0852 /* Release */,
			);
			defaultConfigurationIsVisible = 0;
			defaultConfigurationName = Release;
		};
		6F636DBA2177527000DD0852 /* Build configuration list for PBXNativeTarget "Prueva1Tests" */ = {
			isa = XCConfigurationList;
			buildConfigurations = (
				6F636DBB2177527000DD0852 /* Debug */,
				6F636DBC2177527000DD0852 /* Release */,
			);
			defaultConfigurationIsVisible = 0;
			defaultConfigurationName = Release;
		};
		6F636DBD2177527000DD0852 /* Build configuration list for PBXNativeTarget "Prueva1UITests" */ = {
			isa = XCConfigurationList;
			buildConfigurations = (
				6F636DBE2177527000DD0852 /* Debug */,
				6F636DBF2177527000DD0852 /* Release */,
			);
			defaultConfigurationIsVisible = 0;
			defaultConfigurationName = Release;
		};
/* End XCConfigurationList section */
	};
	rootObject = 6F636D872177526900DD0852 /* Project object */;
}
